
Microsoft Visual Studio Solution File, Format Version 12.00
# Visual Studio Version 17
VisualStudioVersion = 17.6.33723.286
MinimumVisualStudioVersion = 10.0.40219.1
Project("{FAE04EC0-301F-11D3-BF4B-00C04F79EFBC}") = "Store", "Store\Store.csproj", "{55303CA0-5066-4AE5-A66F-40DC7F0A80EC}"
EndProject
Global
	GlobalSection(SolutionConfigurationPlatforms) = preSolution
		Debug|Any CPU = Debug|Any CPU
		Release|Any CPU = Release|Any CPU
	EndGlobalSection
	GlobalSection(ProjectConfigurationPlatforms) = postSolution
		{55303CA0-5066-4AE5-A66F-40DC7F0A80EC}.Debug|Any CPU.ActiveCfg = Debug|Any CPU
		{55303CA0-5066-4AE5-A66F-40DC7F0A80EC}.Debug|Any CPU.Build.0 = Debug|Any CPU
		{55303CA0-5066-4AE5-A66F-40DC7F0A80EC}.Release|Any CPU.ActiveCfg = Release|Any CPU
		{55303CA0-5066-4AE5-A66F-40DC7F0A80EC}.Release|Any CPU.Build.0 = Release|Any CPU
	EndGlobalSection
	GlobalSection(SolutionProperties) = preSolution
		HideSolutionNode = FALSE
	EndGlobalSection
	GlobalSection(ExtensibilityGlobals) = postSolution
		SolutionGuid = {6BF431D9-EF7A-4CF1-928D-E913E41CE9F4}
	EndGlobalSection
EndGlobal
